Microsoft Visual Studio Solution File, Format Version 12.00
# Visual Studio 2012
Project("{FAE04EC0-301F-11D3-BF4B-00C04F79EFBC}") = "proyecto-uno", "proyecto-uno.csproj", "{1BBAFC44-FA79-4157-B8D4-25D798E8CDE5}"
EndProject
Global
	GlobalSection(SolutionConfigurationPlatforms) = preSolution
	Debug|Any CPU = Debug|Any CPU
	ExportDebug|Any CPU = ExportDebug|Any CPU
	ExportRelease|Any CPU = ExportRelease|Any CPU
	EndGlobalSection
	GlobalSection(ProjectConfigurationPlatforms) = postSolution
		{1BBAFC44-FA79-4157-B8D4-25D798E8CDE5}.Debug|Any CPU.ActiveCfg = Debug|Any CPU
		{1BBAFC44-FA79-4157-B8D4-25D798E8CDE5}.Debug|Any CPU.Build.0 = Debug|Any CPU
		{1BBAFC44-FA79-4157-B8D4-25D798E8CDE5}.ExportDebug|Any CPU.ActiveCfg = ExportDebug|Any CPU
		{1BBAFC44-FA79-4157-B8D4-25D798E8CDE5}.ExportDebug|Any CPU.Build.0 = ExportDebug|Any CPU
		{1BBAFC44-FA79-4157-B8D4-25D798E8CDE5}.ExportRelease|Any CPU.ActiveCfg = ExportRelease|Any CPU
		{1BBAFC44-FA79-4157-B8D4-25D798E8CDE5}.ExportRelease|Any CPU.Build.0 = ExportRelease|Any CPU
	EndGlobalSection
EndGlobal
